<?xml version="1.0" encoding="utf-8"?>
<Project ToolsVersion="4.0" xmlns="http://schemas.microsoft.com/developer/msbuild/2003">
  <ItemGroup>
    <Filter Include="src">
      <UniqueIdentifier>{6a4562eb-4cf2-4608-b0fa-12a13220f3f2}</UniqueIdentifier>
    </Filter>
    <Filter Include="include">
      <UniqueIdentifier>{826d71b1-5771-43e6-8a01-63b82accd37d}</UniqueIdentifier>
    </Filter>
    <Filter Include="manual-dependencies">
      <UniqueIdentifier>{5288c0e9-3395-42bc-891b-423096df54a4}</UniqueIdentifier>
    </Filter>
    <Filter Include="manual-dependencies\backends">
      <UniqueIdentifier>{9642e32b-a2ce-4e8a-9f59-7ba898dc61e0}</UniqueIdentifier>
    </Filter>
    <Filter Include="include\VRenderer">
      <UniqueIdentifier>{9f7f8946-b15f-4232-a88d-d675f5a6074b}</UniqueIdentifier>
    </Filter>
    <Filter Include="src\VRenderer">
      <UniqueIdentifier>{42f88326-a311-421e-a06e-7666d6c10342}</UniqueIdentifier>
    </Filter>
    <Filter Include="include\VRenderer\VulkanUtils">
      <UniqueIdentifier>{46325164-a5e0-45d4-bfb0-b25669a1990a}</UniqueIdentifier>
    </Filter>
    <Filter Include="include\VRenderer\VulkanWrappers">
      <UniqueIdentifier>{dd68b035-c071-459a-83dc-3808099957bb}</UniqueIdentifier>
    </Filter>
    <Filter Include="src\VRenderer\VulkanUtils">
      <UniqueIdentifier>{c70badd6-1c35-4c1f-a7d6-26d2d61636c0}</UniqueIdentifier>
    </Filter>
    <Filter Include="src\VRenderer\VulkanWrappers">
      <UniqueIdentifier>{8d917480-6d8d-4d0d-9fac-c2e5a2070a61}</UniqueIdentifier>
    </Filter>
    <Filter Include="include\VRenderer\Passes">
      <UniqueIdentifier>{5ab1935a-08b1-4406-8c45-96c9862091ab}</UniqueIdentifier>
    </Filter>
    <Filter Include="include\VRenderer\Passes\ComputePasses">
      <UniqueIdentifier>{d73a67a4-dfb7-4cd8-8c77-f87daed491f7}</UniqueIdentifier>
    </Filter>
  </ItemGroup>
  <ItemGroup>
    <ClCompile Include="manual-dependencies\imgui.cpp">
      <Filter>manual-dependencies</Filter>
    </ClCompile>
    <ClCompile Include="manual-dependencies\imgui_demo.cpp">
      <Filter>manual-dependencies</Filter>
    </ClCompile>
    <ClCompile Include="manual-dependencies\imgui_draw.cpp">
      <Filter>manual-dependencies</Filter>
    </ClCompile>
    <ClCompile Include="manual-dependencies\imgui_tables.cpp">
      <Filter>manual-dependencies</Filter>
    </ClCompile>
    <ClCompile Include="manual-dependencies\imgui_widgets.cpp">
      <Filter>manual-dependencies</Filter>
    </ClCompile>
    <ClCompile Include="manual-dependencies\backends\imgui_impl_sdl3.cpp">
      <Filter>manual-dependencies\backends</Filter>
    </ClCompile>
    <ClCompile Include="manual-dependencies\backends\imgui_impl_vulkan.cpp">
      <Filter>manual-dependencies\backends</Filter>
    </ClCompile>
    <ClCompile Include="src\VRenderer\main.cpp">
      <Filter>src\VRenderer</Filter>
    </ClCompile>
    <ClCompile Include="src\VRenderer\Renderer.cpp">
      <Filter>src\VRenderer</Filter>
    </ClCompile>
    <ClCompile Include="src\VRenderer\SDL_WindowWrapper.cpp">
      <Filter>src\VRenderer</Filter>
    </ClCompile>
    <ClCompile Include="src\VRenderer\VulkanWrappers\VulkanCommandbufferReset.cpp">
      <Filter>src\VRenderer\VulkanWrappers</Filter>
    </ClCompile>
    <ClCompile Include="src\VRenderer\VulkanWrappers\VulkanDescriptorSetAllocator.cpp">
      <Filter>src\VRenderer\VulkanWrappers</Filter>
    </ClCompile>
    <ClCompile Include="src\VRenderer\VulkanWrappers\VulkanDescriptorSetLayoutFactory.cpp">
      <Filter>src\VRenderer\VulkanWrappers</Filter>
    </ClCompile>
    <ClCompile Include="src\VRenderer\VulkanWrappers\VulkanError.cpp">
      <Filter>src\VRenderer\VulkanWrappers</Filter>
    </ClCompile>
    <ClCompile Include="src\VRenderer\VulkanWrappers\VulkanFoundationalElements.cpp">
      <Filter>src\VRenderer\VulkanWrappers</Filter>
    </ClCompile>
    <ClCompile Include="src\VRenderer\VulkanWrappers\VulkanSwapchain.cpp">
      <Filter>src\VRenderer\VulkanWrappers</Filter>
    </ClCompile>
    <ClCompile Include="src\VRenderer\VulkanWrappers\VulkanSwapchainAndPresentSync.cpp">
      <Filter>src\VRenderer\VulkanWrappers</Filter>
    </ClCompile>
    <ClCompile Include="src\VRenderer\VulkanWrappers\VulkanTexture.cpp">
      <Filter>src\VRenderer\VulkanWrappers</Filter>
    </ClCompile>
    <ClCompile Include="src\VRenderer\VulkanWrappers\VulkanTimelineSemaphore.cpp">
      <Filter>src\VRenderer\VulkanWrappers</Filter>
    </ClCompile>
    <ClCompile Include="src\VRenderer\Utilities\Utilities.cpp" />
    <ClCompile Include="src\VRenderer\VulkanResourceManager.cpp" />
    <ClCompile Include="src\VRenderer\VulkanWrappers\VulkanBuffer.cpp" />
    <ClCompile Include="src\VRenderer\Logger\Logger.cpp" />
    <ClCompile Include="src\VRenderer\VulkanWrappers\VulkanDescriptorSetUpdater.cpp" />
  </ItemGroup>
  <ItemGroup>
    <ClInclude Include="manual-dependencies\imconfig.h">
      <Filter>manual-dependencies</Filter>
    </ClInclude>
    <ClInclude Include="manual-dependencies\imgui.h">
      <Filter>manual-dependencies</Filter>
    </ClInclude>
    <ClInclude Include="manual-dependencies\imgui_internal.h">
      <Filter>manual-dependencies</Filter>
    </ClInclude>
    <ClInclude Include="manual-dependencies\imstb_rectpack.h">
      <Filter>manual-dependencies</Filter>
    </ClInclude>
    <ClInclude Include="manual-dependencies\imstb_textedit.h">
      <Filter>manual-dependencies</Filter>
    </ClInclude>
    <ClInclude Include="manual-dependencies\imstb_truetype.h">
      <Filter>manual-dependencies</Filter>
    </ClInclude>
    <ClInclude Include="manual-dependencies\backends\imgui_impl_sdl3.h">
      <Filter>manual-dependencies\backends</Filter>
    </ClInclude>
    <ClInclude Include="manual-dependencies\backends\imgui_impl_vulkan.h">
      <Filter>manual-dependencies\backends</Filter>
    </ClInclude>
    <ClInclude Include="include\VRenderer\Renderer.hpp">
      <Filter>include\VRenderer</Filter>
    </ClInclude>
    <ClInclude Include="include\VRenderer\SDL_WindowWrapper.hpp">
      <Filter>include\VRenderer</Filter>
    </ClInclude>
    <ClInclude Include="include\VRenderer\VulkanResourceManager.hpp">
      <Filter>include\VRenderer</Filter>
    </ClInclude>
    <ClInclude Include="include\VRenderer\VulkanWrappers\VulkanCommandbufferReset.hpp">
      <Filter>include\VRenderer\VulkanWrappers</Filter>
    </ClInclude>
    <ClInclude Include="include\VRenderer\VulkanWrappers\VulkanDescriptorSetAllocator.hpp">
      <Filter>include\VRenderer\VulkanWrappers</Filter>
    </ClInclude>
    <ClInclude Include="include\VRenderer\VulkanWrappers\VulkanDescriptorSetLayoutFactory.hpp">
      <Filter>include\VRenderer\VulkanWrappers</Filter>
    </ClInclude>
    <ClInclude Include="include\VRenderer\VulkanWrappers\VulkanError.hpp">
      <Filter>include\VRenderer\VulkanWrappers</Filter>
    </ClInclude>
    <ClInclude Include="include\VRenderer\VulkanWrappers\VulkanFoundationalElements.hpp">
      <Filter>include\VRenderer\VulkanWrappers</Filter>
    </ClInclude>
    <ClInclude Include="include\VRenderer\VulkanWrappers\VulkanQueue.hpp">
      <Filter>include\VRenderer\VulkanWrappers</Filter>
    </ClInclude>
    <ClInclude Include="include\VRenderer\VulkanWrappers\VulkanQueueFamilyIndex.hpp">
      <Filter>include\VRenderer\VulkanWrappers</Filter>
    </ClInclude>
    <ClInclude Include="include\VRenderer\VulkanWrappers\VulkanSubmissionSync.hpp">
      <Filter>include\VRenderer\VulkanWrappers</Filter>
    </ClInclude>
    <ClInclude Include="include\VRenderer\VulkanWrappers\VulkanSwapchain.hpp">
      <Filter>include\VRenderer\VulkanWrappers</Filter>
    </ClInclude>
    <ClInclude Include="include\VRenderer\VulkanWrappers\VulkanSwapchainAndPresentSync.hpp">
      <Filter>include\VRenderer\VulkanWrappers</Filter>
    </ClInclude>
    <ClInclude Include="include\VRenderer\VulkanWrappers\VulkanTexture.hpp">
      <Filter>include\VRenderer\VulkanWrappers</Filter>
    </ClInclude>
    <ClInclude Include="include\VRenderer\VulkanWrappers\VulkanTimelineSemaphore.hpp">
      <Filter>include\VRenderer\VulkanWrappers</Filter>
    </ClInclude>
    <ClInclude Include="include\VRenderer\Passes\ComputePasses\ComputePass.hpp">
      <Filter>include\VRenderer\Passes\ComputePasses</Filter>
    </ClInclude>
    <ClInclude Include="include\VRenderer\Passes\ComputePasses\ComputePassPushConstant.hpp">
      <Filter>include\VRenderer\Passes\ComputePasses</Filter>
    </ClInclude>
    <ClInclude Include="include\VRenderer\Passes\GraphicsPasses\GraphicsPassPushConstant.hpp" />
    <ClInclude Include="include\VRenderer\Passes\GraphicsPasses\Vertex.hpp" />
    <ClInclude Include="include\VRenderer\Utilities\Utilities.hpp" />
    <ClInclude Include="include\VRenderer\Utilities\VulkanGraphicsCreateInfo.hpp" />
    <ClInclude Include="include\VRenderer\VulkanWrappers\VulkanBuffer.hpp" />
    <ClInclude Include="include\VRenderer\Utilities\GPUSceneBuffers.hpp">
      <Filter>include\VRenderer\VulkanUtils</Filter>
    </ClInclude>
    <ClInclude Include="include\VRenderer\AppState.hpp">
      <Filter>include\VRenderer</Filter>
    </ClInclude>
    <ClInclude Include="include\VRenderer\Logger\Category.hpp" />
    <ClInclude Include="include\VRenderer\Logger\Level.hpp" />
    <ClInclude Include="include\VRenderer\Logger\Logger.hpp" />
    <ClInclude Include="include\VRenderer\Logger\LevelModeCompareOp.hpp" />
    <ClInclude Include="include\VRenderer\VulkanWrappers\VulkanDescriptorSet.hpp" />
    <ClInclude Include="include\VRenderer\VulkanWrappers\VulkanDescriptorSetUpdater.hpp" />
    <ClInclude Include="include\VRenderer\SynchronizationRequest.hpp">
      <Filter>include\VRenderer</Filter>
    </ClInclude>
  </ItemGroup>
</Project>