<?xml version="1.0" encoding="utf-8"?>
<Project ToolsVersion="4.0" xmlns="http://schemas.microsoft.com/developer/msbuild/2003">
  <ItemGroup>
    <Filter Include="src">
      <UniqueIdentifier>{6a4562eb-4cf2-4608-b0fa-12a13220f3f2}</UniqueIdentifier>
    </Filter>
    <Filter Include="include">
      <UniqueIdentifier>{826d71b1-5771-43e6-8a01-63b82accd37d}</UniqueIdentifier>
    </Filter>
    <Filter Include="manual-dependencies">
      <UniqueIdentifier>{5288c0e9-3395-42bc-891b-423096df54a4}</UniqueIdentifier>
    </Filter>
    <Filter Include="manual-dependencies\backends">
      <UniqueIdentifier>{9642e32b-a2ce-4e8a-9f59-7ba898dc61e0}</UniqueIdentifier>
    </Filter>
    <Filter Include="include\GhazaEngine">
      <UniqueIdentifier>{e73cb107-98a8-4105-920d-17e99d78a6f5}</UniqueIdentifier>
    </Filter>
    <Filter Include="src\GhazaEngine">
      <UniqueIdentifier>{808138c9-1a8f-4ac5-9c72-4520aace4a50}</UniqueIdentifier>
    </Filter>
    <Filter Include="include\GhazaEngine\VRenderer">
      <UniqueIdentifier>{9792a9bf-0682-4161-9691-4ae72003db59}</UniqueIdentifier>
    </Filter>
    <Filter Include="src\GhazaEngine\VRenderer">
      <UniqueIdentifier>{7546ed83-b4e0-4a8f-801e-c10f3770ee3d}</UniqueIdentifier>
    </Filter>
    <Filter Include="include\GhazaEngine\VRenderer\VulkanWrappers">
      <UniqueIdentifier>{064e20a2-3bab-42b8-ad69-5f028941e4b9}</UniqueIdentifier>
    </Filter>
    <Filter Include="include\GhazaEngine\VRenderer\Utilities">
      <UniqueIdentifier>{1d8cba98-bc5c-445f-90b9-0ac5950a4589}</UniqueIdentifier>
    </Filter>
    <Filter Include="src\GhazaEngine\VRenderer\Utilities">
      <UniqueIdentifier>{733c4250-4687-42dd-ae94-3de98daaddc9}</UniqueIdentifier>
    </Filter>
    <Filter Include="src\GhazaEngine\VRenderer\VulkanWrappers">
      <UniqueIdentifier>{710300fe-514b-46b3-a0f7-971cb8bbd0fe}</UniqueIdentifier>
    </Filter>
    <Filter Include="include\GhazaEngine\Logger">
      <UniqueIdentifier>{b580a1ea-b22b-450f-bd2e-d0b70c92be0d}</UniqueIdentifier>
    </Filter>
    <Filter Include="src\GhazaEngine\Logger">
      <UniqueIdentifier>{e4561b7b-0afc-458a-9a08-d6d284dde11c}</UniqueIdentifier>
    </Filter>
    <Filter Include="include\GhazaEngine\Scene">
      <UniqueIdentifier>{6d38dfd8-a152-4d4d-938e-652680d57e0e}</UniqueIdentifier>
    </Filter>
    <Filter Include="src\GhazaEngine\Scene">
      <UniqueIdentifier>{641c8d63-16ca-4d38-a7ca-0ea314cbe3b5}</UniqueIdentifier>
    </Filter>
    <Filter Include="include\GhazaEngine\Scene\GeometryData">
      <UniqueIdentifier>{f524ff1b-862e-4287-ad92-f5012091a86c}</UniqueIdentifier>
    </Filter>
    <Filter Include="include\GhazaEngine\InputSystem">
      <UniqueIdentifier>{d555e2c2-b67f-4b25-bb38-874fd4ff90cf}</UniqueIdentifier>
    </Filter>
    <Filter Include="src\GhazaEngine\InputSystem">
      <UniqueIdentifier>{055a36d6-c923-4514-8ade-08ba05f61a2a}</UniqueIdentifier>
    </Filter>
    <Filter Include="src\GhazaEngine\Camera">
      <UniqueIdentifier>{d47b5450-0ab3-4515-b97c-62eed12fd6a9}</UniqueIdentifier>
    </Filter>
    <Filter Include="include\GhazaEngine\Camera">
      <UniqueIdentifier>{263951d5-4403-4e9d-bed8-d6698c35a0b9}</UniqueIdentifier>
    </Filter>
    <Filter Include="include\GhazaEngine\VRenderer\RenderPasses">
      <UniqueIdentifier>{78c8a0d7-daae-4a74-9501-973b8b207bce}</UniqueIdentifier>
    </Filter>
    <Filter Include="include\GhazaEngine\VRenderer\RenderPasses\GraphicsPasses">
      <UniqueIdentifier>{65f6c50f-8f24-4e07-a9c1-c74404d1af56}</UniqueIdentifier>
    </Filter>
    <Filter Include="src\GhazaEngine\VRenderer\RenderPasses">
      <UniqueIdentifier>{37aa82ad-83c6-4e70-80b4-609a56caf8fb}</UniqueIdentifier>
    </Filter>
    <Filter Include="src\GhazaEngine\VRenderer\RenderPasses\GraphicsPasses">
      <UniqueIdentifier>{a30039c6-6f18-4660-a1a7-c55bfef80739}</UniqueIdentifier>
    </Filter>
  </ItemGroup>
  <ItemGroup>
    <ClCompile Include="manual-dependencies\imgui.cpp">
      <Filter>manual-dependencies</Filter>
    </ClCompile>
    <ClCompile Include="manual-dependencies\imgui_demo.cpp">
      <Filter>manual-dependencies</Filter>
    </ClCompile>
    <ClCompile Include="manual-dependencies\imgui_draw.cpp">
      <Filter>manual-dependencies</Filter>
    </ClCompile>
    <ClCompile Include="manual-dependencies\imgui_tables.cpp">
      <Filter>manual-dependencies</Filter>
    </ClCompile>
    <ClCompile Include="manual-dependencies\imgui_widgets.cpp">
      <Filter>manual-dependencies</Filter>
    </ClCompile>
    <ClCompile Include="manual-dependencies\backends\imgui_impl_sdl3.cpp">
      <Filter>manual-dependencies\backends</Filter>
    </ClCompile>
    <ClCompile Include="manual-dependencies\backends\imgui_impl_vulkan.cpp">
      <Filter>manual-dependencies\backends</Filter>
    </ClCompile>
    <ClCompile Include="manual-dependencies\SPIRV-Reflect\spirv_reflect.c" />
    <ClCompile Include="src\GhazaEngine\VRenderer\Renderer.cpp">
      <Filter>src\GhazaEngine\VRenderer</Filter>
    </ClCompile>
    <ClCompile Include="src\GhazaEngine\VRenderer\VulkanResourceManager.cpp">
      <Filter>src\GhazaEngine\VRenderer</Filter>
    </ClCompile>
    <ClCompile Include="src\GhazaEngine\VRenderer\VulkanSetLayoutAndPipelineLayoutGeneratorFromSPIRV.cpp">
      <Filter>src\GhazaEngine\VRenderer</Filter>
    </ClCompile>
    <ClCompile Include="src\GhazaEngine\VRenderer\main.cpp">
      <Filter>src\GhazaEngine</Filter>
    </ClCompile>
    <ClCompile Include="src\GhazaEngine\VRenderer\VulkanWrappers\VulkanBuffer.cpp">
      <Filter>src\GhazaEngine\VRenderer\VulkanWrappers</Filter>
    </ClCompile>
    <ClCompile Include="src\GhazaEngine\VRenderer\VulkanWrappers\VulkanCommandbufferReset.cpp">
      <Filter>src\GhazaEngine\VRenderer\VulkanWrappers</Filter>
    </ClCompile>
    <ClCompile Include="src\GhazaEngine\VRenderer\VulkanWrappers\VulkanDescriptorSetAllocator.cpp">
      <Filter>src\GhazaEngine\VRenderer\VulkanWrappers</Filter>
    </ClCompile>
    <ClCompile Include="src\GhazaEngine\VRenderer\VulkanWrappers\VulkanDescriptorSetLayoutFactory.cpp">
      <Filter>src\GhazaEngine\VRenderer\VulkanWrappers</Filter>
    </ClCompile>
    <ClCompile Include="src\GhazaEngine\VRenderer\VulkanWrappers\VulkanDescriptorSetUpdater.cpp">
      <Filter>src\GhazaEngine\VRenderer\VulkanWrappers</Filter>
    </ClCompile>
    <ClCompile Include="src\GhazaEngine\VRenderer\VulkanWrappers\VulkanError.cpp">
      <Filter>src\GhazaEngine\VRenderer\VulkanWrappers</Filter>
    </ClCompile>
    <ClCompile Include="src\GhazaEngine\VRenderer\VulkanWrappers\VulkanFoundationalElements.cpp">
      <Filter>src\GhazaEngine\VRenderer\VulkanWrappers</Filter>
    </ClCompile>
    <ClCompile Include="src\GhazaEngine\VRenderer\VulkanWrappers\VulkanSwapchain.cpp">
      <Filter>src\GhazaEngine\VRenderer\VulkanWrappers</Filter>
    </ClCompile>
    <ClCompile Include="src\GhazaEngine\VRenderer\VulkanWrappers\VulkanSwapchainAndPresentSync.cpp">
      <Filter>src\GhazaEngine\VRenderer\VulkanWrappers</Filter>
    </ClCompile>
    <ClCompile Include="src\GhazaEngine\VRenderer\VulkanWrappers\VulkanTexture.cpp">
      <Filter>src\GhazaEngine\VRenderer\VulkanWrappers</Filter>
    </ClCompile>
    <ClCompile Include="src\GhazaEngine\VRenderer\VulkanWrappers\VulkanTimelineSemaphore.cpp">
      <Filter>src\GhazaEngine\VRenderer\VulkanWrappers</Filter>
    </ClCompile>
    <ClCompile Include="src\GhazaEngine\VRenderer\Utilities\Utilities.cpp">
      <Filter>src\GhazaEngine\VRenderer\Utilities</Filter>
    </ClCompile>
    <ClCompile Include="src\GhazaEngine\Logger\Logger.cpp">
      <Filter>src\GhazaEngine\Logger</Filter>
    </ClCompile>
    <ClCompile Include="src\GhazaEngine\Scene\SceneData.cpp">
      <Filter>src\GhazaEngine\Scene</Filter>
    </ClCompile>
    <ClCompile Include="src\GhazaEngine\Scene\SceneDataGenerator.cpp">
      <Filter>src\GhazaEngine\Scene</Filter>
    </ClCompile>
    <ClCompile Include="src\GhazaEngine\InputSystem\InputSystem.cpp">
      <Filter>src\GhazaEngine\InputSystem</Filter>
    </ClCompile>
    <ClCompile Include="src\GhazaEngine\Engine.cpp">
      <Filter>src\GhazaEngine</Filter>
    </ClCompile>
    <ClCompile Include="src\GhazaEngine\SDL_WindowWrapper.cpp">
      <Filter>src\GhazaEngine</Filter>
    </ClCompile>
    <ClCompile Include="src\GhazaEngine\Camera\Camera.cpp">
      <Filter>src\GhazaEngine\Camera</Filter>
    </ClCompile>
    <ClCompile Include="src\GhazaEngine\VRenderer\RenderPasses\GraphicsPasses\IndirectPass.cpp" />
    <ClCompile Include="src\GhazaEngine\VRenderer\RenderPasses\GraphicsPasses\CopyToSwapchainPass.cpp">
      <Filter>src\GhazaEngine\VRenderer\RenderPasses\GraphicsPasses</Filter>
    </ClCompile>
    <ClCompile Include="src\GhazaEngine\VRenderer\RenderPasses\GraphicsPasses\ImguiPass.cpp">
      <Filter>src\GhazaEngine\VRenderer\RenderPasses\GraphicsPasses</Filter>
    </ClCompile>
  </ItemGroup>
  <ItemGroup>
    <ClInclude Include="manual-dependencies\imconfig.h">
      <Filter>manual-dependencies</Filter>
    </ClInclude>
    <ClInclude Include="manual-dependencies\imgui.h">
      <Filter>manual-dependencies</Filter>
    </ClInclude>
    <ClInclude Include="manual-dependencies\imgui_internal.h">
      <Filter>manual-dependencies</Filter>
    </ClInclude>
    <ClInclude Include="manual-dependencies\imstb_rectpack.h">
      <Filter>manual-dependencies</Filter>
    </ClInclude>
    <ClInclude Include="manual-dependencies\imstb_textedit.h">
      <Filter>manual-dependencies</Filter>
    </ClInclude>
    <ClInclude Include="manual-dependencies\imstb_truetype.h">
      <Filter>manual-dependencies</Filter>
    </ClInclude>
    <ClInclude Include="manual-dependencies\backends\imgui_impl_sdl3.h">
      <Filter>manual-dependencies\backends</Filter>
    </ClInclude>
    <ClInclude Include="manual-dependencies\backends\imgui_impl_vulkan.h">
      <Filter>manual-dependencies\backends</Filter>
    </ClInclude>
    <ClInclude Include="manual-dependencies\SPIRV-Reflect\spirv.h" />
    <ClInclude Include="manual-dependencies\SPIRV-Reflect\spirv_reflect.h" />
    <ClInclude Include="include\GhazaEngine\VRenderer\Utilities\Utilities.hpp">
      <Filter>include\GhazaEngine\VRenderer\Utilities</Filter>
    </ClInclude>
    <ClInclude Include="include\GhazaEngine\VRenderer\Utilities\VulkanGraphicsCreateInfo.hpp">
      <Filter>include\GhazaEngine\VRenderer\Utilities</Filter>
    </ClInclude>
    <ClInclude Include="include\GhazaEngine\VRenderer\VulkanWrappers\VulkanBuffer.hpp">
      <Filter>include\GhazaEngine\VRenderer\VulkanWrappers</Filter>
    </ClInclude>
    <ClInclude Include="include\GhazaEngine\VRenderer\VulkanWrappers\VulkanCommandbufferReset.hpp">
      <Filter>include\GhazaEngine\VRenderer\VulkanWrappers</Filter>
    </ClInclude>
    <ClInclude Include="include\GhazaEngine\VRenderer\VulkanWrappers\VulkanDescriptorSet.hpp">
      <Filter>include\GhazaEngine\VRenderer\VulkanWrappers</Filter>
    </ClInclude>
    <ClInclude Include="include\GhazaEngine\VRenderer\VulkanWrappers\VulkanDescriptorSetAllocator.hpp">
      <Filter>include\GhazaEngine\VRenderer\VulkanWrappers</Filter>
    </ClInclude>
    <ClInclude Include="include\GhazaEngine\VRenderer\VulkanWrappers\VulkanDescriptorSetLayoutFactory.hpp">
      <Filter>include\GhazaEngine\VRenderer\VulkanWrappers</Filter>
    </ClInclude>
    <ClInclude Include="include\GhazaEngine\VRenderer\VulkanWrappers\VulkanDescriptorSetUpdater.hpp">
      <Filter>include\GhazaEngine\VRenderer\VulkanWrappers</Filter>
    </ClInclude>
    <ClInclude Include="include\GhazaEngine\VRenderer\VulkanWrappers\VulkanError.hpp">
      <Filter>include\GhazaEngine\VRenderer\VulkanWrappers</Filter>
    </ClInclude>
    <ClInclude Include="include\GhazaEngine\VRenderer\VulkanWrappers\VulkanFoundationalElements.hpp">
      <Filter>include\GhazaEngine\VRenderer\VulkanWrappers</Filter>
    </ClInclude>
    <ClInclude Include="include\GhazaEngine\VRenderer\VulkanWrappers\VulkanQueue.hpp">
      <Filter>include\GhazaEngine\VRenderer\VulkanWrappers</Filter>
    </ClInclude>
    <ClInclude Include="include\GhazaEngine\VRenderer\VulkanWrappers\VulkanQueueFamilyIndex.hpp">
      <Filter>include\GhazaEngine\VRenderer\VulkanWrappers</Filter>
    </ClInclude>
    <ClInclude Include="include\GhazaEngine\VRenderer\VulkanWrappers\VulkanSubmissionSync.hpp">
      <Filter>include\GhazaEngine\VRenderer\VulkanWrappers</Filter>
    </ClInclude>
    <ClInclude Include="include\GhazaEngine\VRenderer\VulkanWrappers\VulkanSwapchain.hpp">
      <Filter>include\GhazaEngine\VRenderer\VulkanWrappers</Filter>
    </ClInclude>
    <ClInclude Include="include\GhazaEngine\VRenderer\VulkanWrappers\VulkanSwapchainAndPresentSync.hpp">
      <Filter>include\GhazaEngine\VRenderer\VulkanWrappers</Filter>
    </ClInclude>
    <ClInclude Include="include\GhazaEngine\VRenderer\VulkanWrappers\VulkanTexture.hpp">
      <Filter>include\GhazaEngine\VRenderer\VulkanWrappers</Filter>
    </ClInclude>
    <ClInclude Include="include\GhazaEngine\VRenderer\VulkanWrappers\VulkanTimelineSemaphore.hpp">
      <Filter>include\GhazaEngine\VRenderer\VulkanWrappers</Filter>
    </ClInclude>
    <ClInclude Include="include\GhazaEngine\VRenderer\Renderer.hpp">
      <Filter>include\GhazaEngine\VRenderer</Filter>
    </ClInclude>
    <ClInclude Include="include\GhazaEngine\VRenderer\SynchronizationRequest.hpp">
      <Filter>include\GhazaEngine\VRenderer</Filter>
    </ClInclude>
    <ClInclude Include="include\GhazaEngine\VRenderer\VulkanResourceManager.hpp">
      <Filter>include\GhazaEngine\VRenderer</Filter>
    </ClInclude>
    <ClInclude Include="include\GhazaEngine\VRenderer\VulkanSetLayoutAndPipelineLayoutGeneratorFromSPIRV.hpp">
      <Filter>include\GhazaEngine\VRenderer</Filter>
    </ClInclude>
    <ClInclude Include="include\GhazaEngine\Logger\Category.hpp">
      <Filter>include\GhazaEngine\Logger</Filter>
    </ClInclude>
    <ClInclude Include="include\GhazaEngine\Logger\Level.hpp">
      <Filter>include\GhazaEngine\Logger</Filter>
    </ClInclude>
    <ClInclude Include="include\GhazaEngine\Logger\LevelModeCompareOp.hpp">
      <Filter>include\GhazaEngine\Logger</Filter>
    </ClInclude>
    <ClInclude Include="include\GhazaEngine\Logger\Logger.hpp">
      <Filter>include\GhazaEngine\Logger</Filter>
    </ClInclude>
    <ClInclude Include="include\GhazaEngine\Scene\Material.hpp">
      <Filter>include\GhazaEngine\Scene</Filter>
    </ClInclude>
    <ClInclude Include="include\GhazaEngine\Scene\Node.hpp">
      <Filter>include\GhazaEngine\Scene</Filter>
    </ClInclude>
    <ClInclude Include="include\GhazaEngine\Scene\SceneData.hpp">
      <Filter>include\GhazaEngine\Scene</Filter>
    </ClInclude>
    <ClInclude Include="include\GhazaEngine\Scene\SceneDataGenerator.hpp">
      <Filter>include\GhazaEngine\Scene</Filter>
    </ClInclude>
    <ClInclude Include="include\GhazaEngine\Scene\GeometryData\Mesh.hpp">
      <Filter>include\GhazaEngine\Scene\GeometryData</Filter>
    </ClInclude>
    <ClInclude Include="include\GhazaEngine\Scene\GeometryData\Vertex.hpp">
      <Filter>include\GhazaEngine\Scene\GeometryData</Filter>
    </ClInclude>
    <ClInclude Include="include\GhazaEngine\InputSystem\InputSystem.hpp">
      <Filter>include\GhazaEngine\InputSystem</Filter>
    </ClInclude>
    <ClInclude Include="include\GhazaEngine\Engine.hpp">
      <Filter>include\GhazaEngine</Filter>
    </ClInclude>
    <ClInclude Include="include\GhazaEngine\EngineInitData.hpp">
      <Filter>include\GhazaEngine</Filter>
    </ClInclude>
    <ClInclude Include="include\GhazaEngine\SDL_WindowWrapper.hpp">
      <Filter>include\GhazaEngine</Filter>
    </ClInclude>
    <ClInclude Include="include\GhazaEngine\Time.hpp">
      <Filter>include\GhazaEngine</Filter>
    </ClInclude>
    <ClInclude Include="include\GhazaEngine\Camera\Camera.hpp">
      <Filter>include\GhazaEngine\Camera</Filter>
    </ClInclude>
    <ClInclude Include="include\GhazaEngine\VRenderer\RequiredRendererUpdateData.hpp">
      <Filter>include\GhazaEngine\VRenderer</Filter>
    </ClInclude>
    <ClInclude Include="include\GhazaEngine\VRenderer\RenderPasses\GraphicsPasses\IndirectPass.hpp" />
    <ClInclude Include="include\GhazaEngine\VRenderer\RenderPasses\GraphicsPasses\CopyToSwapchainPass.hpp">
      <Filter>include\GhazaEngine\VRenderer\RenderPasses\GraphicsPasses</Filter>
    </ClInclude>
    <ClInclude Include="include\GhazaEngine\VRenderer\RenderPasses\GraphicsPasses\ImguiPass.hpp">
      <Filter>include\GhazaEngine\VRenderer\RenderPasses\GraphicsPasses</Filter>
    </ClInclude>
  </ItemGroup>
</Project>